// !$*UTF8*$!
{
	archiveVersion = 1;
	classes = {
	};
	objectVersion = 48;
	objects = {

/* Begin PBXBuildFile section */
		0585FBA71F68258B0099F5F6 /* trim 1.MOV in Resources */ = {isa = PBXBuildFile; fileRef = 0585FBA11F6825870099F5F6 /* trim 1.MOV */; };
		0585FBA81F68258B0099F5F6 /* trim 2.MOV in Resources */ = {isa = PBXBuildFile; fileRef = 0585FB9F1F6825860099F5F6 /* trim 2.MOV */; };
		0585FBA91F68258B0099F5F6 /* trim 3.MOV in Resources */ = {isa = PBXBuildFile; fileRef = 0585FB9B1F6825860099F5F6 /* trim 3.MOV */; };
		0585FBAA1F68258B0099F5F6 /* trim 4.MOV in Resources */ = {isa = PBXBuildFile; fileRef = 0585FB901F6825850099F5F6 /* trim 4.MOV */; };
		0585FBAB1F68258B0099F5F6 /* trim 5.MOV in Resources */ = {isa = PBXBuildFile; fileRef = 0585FBA01F6825870099F5F6 /* trim 5.MOV */; };
		0585FBAC1F68258B0099F5F6 /* trim 6.MOV in Resources */ = {isa = PBXBuildFile; fileRef = 0585FB9D1F6825860099F5F6 /* trim 6.MOV */; };
		0585FBAD1F68258B0099F5F6 /* trim 7.MOV in Resources */ = {isa = PBXBuildFile; fileRef = 0585FB931F6825850099F5F6 /* trim 7.MOV */; };
		0585FBAE1F68258B0099F5F6 /* trim 8.MOV in Resources */ = {isa = PBXBuildFile; fileRef = 0585FB8F1F6825840099F5F6 /* trim 8.MOV */; };
		0585FBAF1F68258B0099F5F6 /* trim 9.MOV in Resources */ = {isa = PBXBuildFile; fileRef = 0585FB9A1F6825860099F5F6 /* trim 9.MOV */; };
		0585FBB01F68258B0099F5F6 /* trim 10.MOV in Resources */ = {isa = PBXBuildFile; fileRef = 0585FB911F6825850099F5F6 /* trim 10.MOV */; };
		0585FBB11F68258B0099F5F6 /* trim 11.MOV in Resources */ = {isa = PBXBuildFile; fileRef = 0585FB8C1F6825840099F5F6 /* trim 11.MOV */; };
		0585FBB21F68258B0099F5F6 /* trim 12.MOV in Resources */ = {isa = PBXBuildFile; fileRef = 0585FB961F6825850099F5F6 /* trim 12.MOV */; };
		0585FBB31F68258B0099F5F6 /* trim 13.MOV in Resources */ = {isa = PBXBuildFile; fileRef = 0585FB8E1F6825840099F5F6 /* trim 13.MOV */; };
		0585FBB41F68258B0099F5F6 /* trim 14.MOV in Resources */ = {isa = PBXBuildFile; fileRef = 0585FB921F6825850099F5F6 /* trim 14.MOV */; };
		0585FBB51F68258B0099F5F6 /* trim 15.MOV in Resources */ = {isa = PBXBuildFile; fileRef = 0585FB971F6825850099F5F6 /* trim 15.MOV */; };
		0585FBB61F68258B0099F5F6 /* trim 16.MOV in Resources */ = {isa = PBXBuildFile; fileRef = 0585FB9C1F6825860099F5F6 /* trim 16.MOV */; };
		0585FBB71F68258B0099F5F6 /* trim 17.MOV in Resources */ = {isa = PBXBuildFile; fileRef = 0585FBA41F6825870099F5F6 /* trim 17.MOV */; };
		0585FBB81F68258B0099F5F6 /* trim 18.MOV in Resources */ = {isa = PBXBuildFile; fileRef = 0585FBA31F6825870099F5F6 /* trim 18.MOV */; };
		0585FBB91F68258B0099F5F6 /* trim 19.MOV in Resources */ = {isa = PBXBuildFile; fileRef = 0585FB8D1F6825840099F5F6 /* trim 19.MOV */; };
		0585FBBA1F68258B0099F5F6 /* trim 20.MOV in Resources */ = {isa = PBXBuildFile; fileRef = 0585FBA51F6825870099F5F6 /* trim 20.MOV */; };
		0585FBBB1F68258B0099F5F6 /* trim 21.MOV in Resources */ = {isa = PBXBuildFile; fileRef = 0585FB9E1F6825860099F5F6 /* trim 21.MOV */; };
		0585FBBC1F68258B0099F5F6 /* trim 22.MOV in Resources */ = {isa = PBXBuildFile; fileRef = 0585FB991F6825860099F5F6 /* trim 22.MOV */; };
		0585FBBD1F68258B0099F5F6 /* trim 23.MOV in Resources */ = {isa = PBXBuildFile; fileRef = 0585FBA21F6825870099F5F6 /* trim 23.MOV */; };
		0585FBBE1F68258B0099F5F6 /* trim 24.MOV in Resources */ = {isa = PBXBuildFile; fileRef = 0585FB941F6825850099F5F6 /* trim 24.MOV */; };
		0585FBBF1F68258B0099F5F6 /* trim 25.MOV in Resources */ = {isa = PBXBuildFile; fileRef = 0585FBA61F6825880099F5F6 /* trim 25.MOV */; };
		0585FBC01F68258B0099F5F6 /* trim 26.MOV in Resources */ = {isa = PBXBuildFile; fileRef = 0585FB951F6825850099F5F6 /* trim 26.MOV */; };
		0585FBC11F68258B0099F5F6 /* trim 27.MOV in Resources */ = {isa = PBXBuildFile; fileRef = 0585FB981F6825850099F5F6 /* trim 27.MOV */; };
		05F784AE1F680CC4005797FC /* AppDelegate.swift in Sources */ = {isa = PBXBuildFile; fileRef = 05F784AD1F680CC4005797FC /* AppDelegate.swift */; };
		05F784B01F680CC4005797FC /* ViewController.swift in Sources */ = {isa = PBXBuildFile; fileRef = 05F784AF1F680CC4005797FC /* ViewController.swift */; };
		05F784B31F680CC4005797FC /* Main.storyboard in Resources */ = {isa = PBXBuildFile; fileRef = 05F784B11F680CC4005797FC /* Main.storyboard */; };
		05F784B51F680CC4005797FC /* Assets.xcassets in Resources */ = {isa = PBXBuildFile; fileRef = 05F784B41F680CC4005797FC /* Assets.xcassets */; };
		05F784B81F680CC4005797FC /* LaunchScreen.storyboard in Resources */ = {isa = PBXBuildFile; fileRef = 05F784B61F680CC4005797FC /* LaunchScreen.storyboard */; };
		05F784C01F680CE7005797FC /* ExportManager.swift in Sources */ = {isa = PBXBuildFile; fileRef = 05F784BF1F680CE7005797FC /* ExportManager.swift */; };
		05F784D81F6817A8005797FC /* Player.swift in Sources */ = {isa = PBXBuildFile; fileRef = 05F784D71F6817A8005797FC /* Player.swift */; };
		05F784DA1F681866005797FC /* VideoTumbnailsView.swift in Sources */ = {isa = PBXBuildFile; fileRef = 05F784D91F681866005797FC /* VideoTumbnailsView.swift */; };
		1C41E73EC2C2CB01B0DE9FB1 /* Pods_SeekIssue.framework in Frameworks */ = {isa = PBXBuildFile; fileRef = 95DCB693B020699042F5D002 /* Pods_SeekIssue.framework */; };
/* End PBXBuildFile section */

/* Begin PBXFileReference section */
		0585FB8C1F6825840099F5F6 /* trim 11.MOV */ = {isa = PBXFileReference; lastKnownFileType = video.quicktime; path = "trim 11.MOV"; sourceTree = "<group>"; };
		0585FB8D1F6825840099F5F6 /* trim 19.MOV */ = {isa = PBXFileReference; lastKnownFileType = video.quicktime; path = "trim 19.MOV"; sourceTree = "<group>"; };
		0585FB8E1F6825840099F5F6 /* trim 13.MOV */ = {isa = PBXFileReference; lastKnownFileType = video.quicktime; path = "trim 13.MOV"; sourceTree = "<group>"; };
		0585FB8F1F6825840099F5F6 /* trim 8.MOV */ = {isa = PBXFileReference; lastKnownFileType = video.quicktime; path = "trim 8.MOV"; sourceTree = "<group>"; };
		0585FB901F6825850099F5F6 /* trim 4.MOV */ = {isa = PBXFileReference; lastKnownFileType = video.quicktime; path = "trim 4.MOV"; sourceTree = "<group>"; };
		0585FB911F6825850099F5F6 /* trim 10.MOV */ = {isa = PBXFileReference; lastKnownFileType = video.quicktime; path = "trim 10.MOV"; sourceTree = "<group>"; };
		0585FB921F6825850099F5F6 /* trim 14.MOV */ = {isa = PBXFileReference; lastKnownFileType = video.quicktime; path = "trim 14.MOV"; sourceTree = "<group>"; };
		0585FB931F6825850099F5F6 /* trim 7.MOV */ = {isa = PBXFileReference; lastKnownFileType = video.quicktime; path = "trim 7.MOV"; sourceTree = "<group>"; };
		0585FB941F6825850099F5F6 /* trim 24.MOV */ = {isa = PBXFileReference; lastKnownFileType = video.quicktime; path = "trim 24.MOV"; sourceTree = "<group>"; };
		0585FB951F6825850099F5F6 /* trim 26.MOV */ = {isa = PBXFileReference; lastKnownFileType = video.quicktime; path = "trim 26.MOV"; sourceTree = "<group>"; };
		0585FB961F6825850099F5F6 /* trim 12.MOV */ = {isa = PBXFileReference; lastKnownFileType = video.quicktime; path = "trim 12.MOV"; sourceTree = "<group>"; };
		0585FB971F6825850099F5F6 /* trim 15.MOV */ = {isa = PBXFileReference; lastKnownFileType = video.quicktime; path = "trim 15.MOV"; sourceTree = "<group>"; };
		0585FB981F6825850099F5F6 /* trim 27.MOV */ = {isa = PBXFileReference; lastKnownFileType = video.quicktime; path = "trim 27.MOV"; sourceTree = "<group>"; };
		0585FB991F6825860099F5F6 /* trim 22.MOV */ = {isa = PBXFileReference; lastKnownFileType = video.quicktime; path = "trim 22.MOV"; sourceTree = "<group>"; };
		0585FB9A1F6825860099F5F6 /* trim 9.MOV */ = {isa = PBXFileReference; lastKnownFileType = video.quicktime; path = "trim 9.MOV"; sourceTree = "<group>"; };
		0585FB9B1F6825860099F5F6 /* trim 3.MOV */ = {isa = PBXFileReference; lastKnownFileType = video.quicktime; path = "trim 3.MOV"; sourceTree = "<group>"; };
		0585FB9C1F6825860099F5F6 /* trim 16.MOV */ = {isa = PBXFileReference; lastKnownFileType = video.quicktime; path = "trim 16.MOV"; sourceTree = "<group>"; };
		0585FB9D1F6825860099F5F6 /* trim 6.MOV */ = {isa = PBXFileReference; lastKnownFileType = video.quicktime; path = "trim 6.MOV"; sourceTree = "<group>"; };
		0585FB9E1F6825860099F5F6 /* trim 21.MOV */ = {isa = PBXFileReference; lastKnownFileType = video.quicktime; path = "trim 21.MOV"; sourceTree = "<group>"; };
		0585FB9F1F6825860099F5F6 /* trim 2.MOV */ = {isa = PBXFileReference; lastKnownFileType = video.quicktime; path = "trim 2.MOV"; sourceTree = "<group>"; };
		0585FBA01F6825870099F5F6 /* trim 5.MOV */ = {isa = PBXFileReference; lastKnownFileType = video.quicktime; path = "trim 5.MOV"; sourceTree = "<group>"; };
		0585FBA11F6825870099F5F6 /* trim 1.MOV */ = {isa = PBXFileReference; lastKnownFileType = video.quicktime; path = "trim 1.MOV"; sourceTree = "<group>"; };
		0585FBA21F6825870099F5F6 /* trim 23.MOV */ = {isa = PBXFileReference; lastKnownFileType = video.quicktime; path = "trim 23.MOV"; sourceTree = "<group>"; };
		0585FBA31F6825870099F5F6 /* trim 18.MOV */ = {isa = PBXFileReference; lastKnownFileType = video.quicktime; path = "trim 18.MOV"; sourceTree = "<group>"; };
		0585FBA41F6825870099F5F6 /* trim 17.MOV */ = {isa = PBXFileReference; lastKnownFileType = video.quicktime; path = "trim 17.MOV"; sourceTree = "<group>"; };
		0585FBA51F6825870099F5F6 /* trim 20.MOV */ = {isa = PBXFileReference; lastKnownFileType = video.quicktime; path = "trim 20.MOV"; sourceTree = "<group>"; };
		0585FBA61F6825880099F5F6 /* trim 25.MOV */ = {isa = PBXFileReference; lastKnownFileType = video.quicktime; path = "trim 25.MOV"; sourceTree = "<group>"; };
		05F784AA1F680CC4005797FC /* SeekIssue.app */ = {isa = PBXFileReference; explicitFileType = wrapper.application; includeInIndex = 0; path = SeekIssue.app; sourceTree = BUILT_PRODUCTS_DIR; };
		05F784AD1F680CC4005797FC /* AppDelegate.swift */ = {isa = PBXFileReference; lastKnownFileType = sourcecode.swift; path = AppDelegate.swift; sourceTree = "<group>"; };
		05F784AF1F680CC4005797FC /* ViewController.swift */ = {isa = PBXFileReference; lastKnownFileType = sourcecode.swift; path = ViewController.swift; sourceTree = "<group>"; };
		05F784B21F680CC4005797FC /* Base */ = {isa = PBXFileReference; lastKnownFileType = file.storyboard; name = Base; path = Base.lproj/Main.storyboard; sourceTree = "<group>"; };
		05F784B41F680CC4005797FC /* Assets.xcassets */ = {isa = PBXFileReference; lastKnownFileType = folder.assetcatalog; path = Assets.xcassets; sourceTree = "<group>"; };
		05F784B71F680CC4005797FC /* Base */ = {isa = PBXFileReference; lastKnownFileType = file.storyboard; name = Base; path = Base.lproj/LaunchScreen.storyboard; sourceTree = "<group>"; };
		05F784B91F680CC4005797FC /* Info.plist */ = {isa = PBXFileReference; lastKnownFileType = text.plist.xml; path = Info.plist; sourceTree = "<group>"; };
		05F784BF1F680CE7005797FC /* ExportManager.swift */ = {isa = PBXFileReference; lastKnownFileType = sourcecode.swift; path = ExportManager.swift; sourceTree = "<group>"; };
		05F784D71F6817A8005797FC /* Player.swift */ = {isa = PBXFileReference; lastKnownFileType = sourcecode.swift; path = Player.swift; sourceTree = "<group>"; };
		05F784D91F681866005797FC /* VideoTumbnailsView.swift */ = {isa = PBXFileReference; lastKnownFileType = sourcecode.swift; path = VideoTumbnailsView.swift; sourceTree = "<group>"; };
		66E549BDC85A7204A3A65290 /* Pods-SeekIssue.debug.xcconfig */ = {isa = PBXFileReference; includeInIndex = 1; lastKnownFileType = text.xcconfig; name = "Pods-SeekIssue.debug.xcconfig"; path = "Pods/Target Support Files/Pods-SeekIssue/Pods-SeekIssue.debug.xcconfig"; sourceTree = "<group>"; };
		95DCB693B020699042F5D002 /* Pods_SeekIssue.framework */ = {isa = PBXFileReference; explicitFileType = wrapper.framework; includeInIndex = 0; path = Pods_SeekIssue.framework; sourceTree = BUILT_PRODUCTS_DIR; };
		BF934DCA962950EA9566CF60 /* Pods-SeekIssue.release.xcconfig */ = {isa = PBXFileReference; includeInIndex = 1; lastKnownFileType = text.xcconfig; name = "Pods-SeekIssue.release.xcconfig"; path = "Pods/Target Support Files/Pods-SeekIssue/Pods-SeekIssue.release.xcconfig"; sourceTree = "<group>"; };
/* End PBXFileReference section */

/* Begin PBXFrameworksBuildPhase section */
		05F784A71F680CC4005797FC /* Frameworks */ = {
			isa = PBXFrameworksBuildPhase;
			buildActionMask = 2147483647;
			files = (
				1C41E73EC2C2CB01B0DE9FB1 /* Pods_SeekIssue.framework in Frameworks */,
			);
			runOnlyForDeploymentPostprocessing = 0;
		};
/* End PBXFrameworksBuildPhase section */

/* Begin PBXGroup section */
		05F784A11F680CC4005797FC = {
			isa = PBXGroup;
			children = (
				05F784AC1F680CC4005797FC /* SeekIssue */,
				05F784AB1F680CC4005797FC /* Products */,
				C7EECB8EC515B11D8FEA622B /* Pods */,
				764AC8656D83CE9927DD5674 /* Frameworks */,
			);
			sourceTree = "<group>";
		};
		05F784AB1F680CC4005797FC /* Products */ = {
			isa = PBXGroup;
			children = (
				05F784AA1F680CC4005797FC /* SeekIssue.app */,
			);
			name = Products;
			sourceTree = "<group>";
		};
		05F784AC1F680CC4005797FC /* SeekIssue */ = {
			isa = PBXGroup;
			children = (
				0585FBA11F6825870099F5F6 /* trim 1.MOV */,
				0585FB9F1F6825860099F5F6 /* trim 2.MOV */,
				0585FB9B1F6825860099F5F6 /* trim 3.MOV */,
				0585FB901F6825850099F5F6 /* trim 4.MOV */,
				0585FBA01F6825870099F5F6 /* trim 5.MOV */,
				0585FB9D1F6825860099F5F6 /* trim 6.MOV */,
				0585FB931F6825850099F5F6 /* trim 7.MOV */,
				0585FB8F1F6825840099F5F6 /* trim 8.MOV */,
				0585FB9A1F6825860099F5F6 /* trim 9.MOV */,
				0585FB911F6825850099F5F6 /* trim 10.MOV */,
				0585FB8C1F6825840099F5F6 /* trim 11.MOV */,
				0585FB961F6825850099F5F6 /* trim 12.MOV */,
				0585FB8E1F6825840099F5F6 /* trim 13.MOV */,
				0585FB921F6825850099F5F6 /* trim 14.MOV */,
				0585FB971F6825850099F5F6 /* trim 15.MOV */,
				0585FB9C1F6825860099F5F6 /* trim 16.MOV */,
				0585FBA41F6825870099F5F6 /* trim 17.MOV */,
				0585FBA31F6825870099F5F6 /* trim 18.MOV */,
				0585FB8D1F6825840099F5F6 /* trim 19.MOV */,
				0585FBA51F6825870099F5F6 /* trim 20.MOV */,
				0585FB9E1F6825860099F5F6 /* trim 21.MOV */,
				0585FB991F6825860099F5F6 /* trim 22.MOV */,
				0585FBA21F6825870099F5F6 /* trim 23.MOV */,
				0585FB941F6825850099F5F6 /* trim 24.MOV */,
				0585FBA61F6825880099F5F6 /* trim 25.MOV */,
				0585FB951F6825850099F5F6 /* trim 26.MOV */,
				0585FB981F6825850099F5F6 /* trim 27.MOV */,
				05F784AD1F680CC4005797FC /* AppDelegate.swift */,
				05F784AF1F680CC4005797FC /* ViewController.swift */,
				05F784B11F680CC4005797FC /* Main.storyboard */,
				05F784B41F680CC4005797FC /* Assets.xcassets */,
				05F784B61F680CC4005797FC /* LaunchScreen.storyboard */,
				05F784B91F680CC4005797FC /* Info.plist */,
				05F784BF1F680CE7005797FC /* ExportManager.swift */,
				05F784D71F6817A8005797FC /* Player.swift */,
				05F784D91F681866005797FC /* VideoTumbnailsView.swift */,
			);
			path = SeekIssue;
			sourceTree = "<group>";
		};
		764AC8656D83CE9927DD5674 /* Frameworks */ = {
			isa = PBXGroup;
			children = (
				95DCB693B020699042F5D002 /* Pods_SeekIssue.framework */,
			);
			name = Frameworks;
			sourceTree = "<group>";
		};
		C7EECB8EC515B11D8FEA622B /* Pods */ = {
			isa = PBXGroup;
			children = (
				66E549BDC85A7204A3A65290 /* Pods-SeekIssue.debug.xcconfig */,
				BF934DCA962950EA9566CF60 /* Pods-SeekIssue.release.xcconfig */,
			);
			name = Pods;
			sourceTree = "<group>";
		};
/* End PBXGroup section */

/* Begin PBXNativeTarget section */
		05F784A91F680CC4005797FC /* SeekIssue */ = {
			isa = PBXNativeTarget;
			buildConfigurationList = 05F784BC1F680CC4005797FC /* Build configuration list for PBXNativeTarget "SeekIssue" */;
			buildPhases = (
				29023A1D66FC0B481A9BD478 /* [CP] Check Pods Manifest.lock */,
				05F784A61F680CC4005797FC /* Sources */,
				05F784A71F680CC4005797FC /* Frameworks */,
				05F784A81F680CC4005797FC /* Resources */,
				AEB599EB085F24E6FA164DBA /* [CP] Embed Pods Frameworks */,
				DA1B1B261E39F49A5B75D0AE /* [CP] Copy Pods Resources */,
			);
			buildRules = (
			);
			dependencies = (
			);
			name = SeekIssue;
			productName = SeekIssue;
			productReference = 05F784AA1F680CC4005797FC /* SeekIssue.app */;
			productType = "com.apple.product-type.application";
		};
/* End PBXNativeTarget section */

/* Begin PBXProject section */
		05F784A21F680CC4005797FC /* Project object */ = {
			isa = PBXProject;
			attributes = {
				LastSwiftUpdateCheck = 0900;
				LastUpgradeCheck = 0900;
				ORGANIZATIONNAME = "Jon Andersen";
				TargetAttributes = {
					05F784A91F680CC4005797FC = {
						CreatedOnToolsVersion = 9.0;
						ProvisioningStyle = Automatic;
					};
				};
			};
			buildConfigurationList = 05F784A51F680CC4005797FC /* Build configuration list for PBXProject "SeekIssue" */;
			compatibilityVersion = "Xcode 8.0";
			developmentRegion = en;
			hasScannedForEncodings = 0;
			knownRegions = (
				en,
				Base,
			);
			mainGroup = 05F784A11F680CC4005797FC;
			productRefGroup = 05F784AB1F680CC4005797FC /* Products */;
			projectDirPath = "";
			projectRoot = "";
			targets = (
				05F784A91F680CC4005797FC /* SeekIssue */,
			);
		};
/* End PBXProject section */

/* Begin PBXResourcesBuildPhase section */
		05F784A81F680CC4005797FC /* Resources */ = {
			isa = PBXResourcesBuildPhase;
			buildActionMask = 2147483647;
			files = (
				05F784B81F680CC4005797FC /* LaunchScreen.storyboard in Resources */,
				0585FBAD1F68258B0099F5F6 /* trim 7.MOV in Resources */,
				0585FBA81F68258B0099F5F6 /* trim 2.MOV in Resources */,
				0585FBC01F68258B0099F5F6 /* trim 26.MOV in Resources */,
				0585FBB51F68258B0099F5F6 /* trim 15.MOV in Resources */,
				0585FBBD1F68258B0099F5F6 /* trim 23.MOV in Resources */,
				0585FBBC1F68258B0099F5F6 /* trim 22.MOV in Resources */,
				05F784B51F680CC4005797FC /* Assets.xcassets in Resources */,
				0585FBB01F68258B0099F5F6 /* trim 10.MOV in Resources */,
				0585FBAE1F68258B0099F5F6 /* trim 8.MOV in Resources */,
				0585FBB21F68258B0099F5F6 /* trim 12.MOV in Resources */,
				0585FBBF1F68258B0099F5F6 /* trim 25.MOV in Resources */,
				0585FBAB1F68258B0099F5F6 /* trim 5.MOV in Resources */,
				0585FBB61F68258B0099F5F6 /* trim 16.MOV in Resources */,
				05F784B31F680CC4005797FC /* Main.storyboard in Resources */,
				0585FBBA1F68258B0099F5F6 /* trim 20.MOV in Resources */,
				0585FBB71F68258B0099F5F6 /* trim 17.MOV in Resources */,
				0585FBAC1F68258B0099F5F6 /* trim 6.MOV in Resources */,
				0585FBAA1F68258B0099F5F6 /* trim 4.MOV in Resources */,
				0585FBB31F68258B0099F5F6 /* trim 13.MOV in Resources */,
				0585FBBE1F68258B0099F5F6 /* trim 24.MOV in Resources */,
				0585FBA71F68258B0099F5F6 /* trim 1.MOV in Resources */,
				0585FBB11F68258B0099F5F6 /* trim 11.MOV in Resources */,
				0585FBBB1F68258B0099F5F6 /* trim 21.MOV in Resources */,
				0585FBC11F68258B0099F5F6 /* trim 27.MOV in Resources */,
				0585FBB41F68258B0099F5F6 /* trim 14.MOV in Resources */,
				0585FBB81F68258B0099F5F6 /* trim 18.MOV in Resources */,
				0585FBB91F68258B0099F5F6 /* trim 19.MOV in Resources */,
				0585FBA91F68258B0099F5F6 /* trim 3.MOV in Resources */,
				0585FBAF1F68258B0099F5F6 /* trim 9.MOV in Resources */,
			);
			runOnlyForDeploymentPostprocessing = 0;
		};
/* End PBXResourcesBuildPhase section */

/* Begin PBXShellScriptBuildPhase section */
		29023A1D66FC0B481A9BD478 /* [CP] Check Pods Manifest.lock */ = {
			isa = PBXShellScriptBuildPhase;
			buildActionMask = 2147483647;
			files = (
			);
			inputPaths = (
			);
			name = "[CP] Check Pods Manifest.lock";
			outputPaths = (
			);
			runOnlyForDeploymentPostprocessing = 0;
			shellPath = /bin/sh;
			shellScript = "diff \"${PODS_ROOT}/../Podfile.lock\" \"${PODS_ROOT}/Manifest.lock\" > /dev/null\nif [ $? != 0 ] ; then\n    # print error to STDERR\n    echo \"error: The sandbox is not in sync with the Podfile.lock. Run 'pod install' or update your CocoaPods installation.\" >&2\n    exit 1\nfi\n";
			showEnvVarsInLog = 0;
		};
		AEB599EB085F24E6FA164DBA /* [CP] Embed Pods Frameworks */ = {
			isa = PBXShellScriptBuildPhase;
			buildActionMask = 2147483647;
			files = (
			);
			inputPaths = (
			);
			name = "[CP] Embed Pods Frameworks";
			outputPaths = (
			);
			runOnlyForDeploymentPostprocessing = 0;
			shellPath = /bin/sh;
			shellScript = "\"${SRCROOT}/Pods/Target Support Files/Pods-SeekIssue/Pods-SeekIssue-frameworks.sh\"\n";
			showEnvVarsInLog = 0;
		};
		DA1B1B261E39F49A5B75D0AE /* [CP] Copy Pods Resources */ = {
			isa = PBXShellScriptBuildPhase;
			buildActionMask = 2147483647;
			files = (
			);
			inputPaths = (
			);
			name = "[CP] Copy Pods Resources";
			outputPaths = (
			);
			runOnlyForDeploymentPostprocessing = 0;
			shellPath = /bin/sh;
			shellScript = "\"${SRCROOT}/Pods/Target Support Files/Pods-SeekIssue/Pods-SeekIssue-resources.sh\"\n";
			showEnvVarsInLog = 0;
		};
/* End PBXShellScriptBuildPhase section */

/* Begin PBXSourcesBuildPhase section */
		05F784A61F680CC4005797FC /* Sources */ = {
			isa = PBXSourcesBuildPhase;
			buildActionMask = 2147483647;
			files = (
				05F784DA1F681866005797FC /* VideoTumbnailsView.swift in Sources */,
				05F784B01F680CC4005797FC /* ViewController.swift in Sources */,
				05F784D81F6817A8005797FC /* Player.swift in Sources */,
				05F784AE1F680CC4005797FC /* AppDelegate.swift in Sources */,
				05F784C01F680CE7005797FC /* ExportManager.swift in Sources */,
			);
			runOnlyForDeploymentPostprocessing = 0;
		};
/* End PBXSourcesBuildPhase section */

/* Begin PBXVariantGroup section */
		05F784B11F680CC4005797FC /* Main.storyboard */ = {
			isa = PBXVariantGroup;
			children = (
				05F784B21F680CC4005797FC /* Base */,
			);
			name = Main.storyboard;
			sourceTree = "<group>";
		};
		05F784B61F680CC4005797FC /* LaunchScreen.storyboard */ = {
			isa = PBXVariantGroup;
			children = (
				05F784B71F680CC4005797FC /* Base */,
			);
			name = LaunchScreen.storyboard;
			sourceTree = "<group>";
		};
/* End PBXVariantGroup section */

/* Begin XCBuildConfiguration section */
		05F784BA1F680CC4005797FC /* Debug */ = {
			isa = XCBuildConfiguration;
			buildSettings = {
				ALWAYS_SEARCH_USER_PATHS = NO;
				CLANG_ANALYZER_NONNULL = YES;
				CLANG_ANALYZER_NUMBER_OBJECT_CONVERSION = YES_AGGRESSIVE;
				CLANG_CXX_LANGUAGE_STANDARD = "gnu++14";
				CLANG_CXX_LIBRARY = "libc++";
				CLANG_ENABLE_MODULES = YES;
				CLANG_ENABLE_OBJC_ARC = YES;
				CLANG_WARN_BLOCK_CAPTURE_AUTORELEASING = YES;
				CLANG_WARN_BOOL_CONVERSION = YES;
				CLANG_WARN_COMMA = YES;
				CLANG_WARN_CONSTANT_CONVERSION = YES;
				CLANG_WARN_DIRECT_OBJC_ISA_USAGE = YES_ERROR;
				CLANG_WARN_DOCUMENTATION_COMMENTS = YES;
				CLANG_WARN_EMPTY_BODY = YES;
				CLANG_WARN_ENUM_CONVERSION = YES;
				CLANG_WARN_INFINITE_RECURSION = YES;
				CLANG_WARN_INT_CONVERSION = YES;
				CLANG_WARN_NON_LITERAL_NULL_CONVERSION = YES;
				CLANG_WARN_OBJC_LITERAL_CONVERSION = YES;
				CLANG_WARN_OBJC_ROOT_CLASS = YES_ERROR;
				CLANG_WARN_RANGE_LOOP_ANALYSIS = YES;
				CLANG_WARN_STRICT_PROTOTYPES = YES;
				CLANG_WARN_SUSPICIOUS_MOVE = YES;
				CLANG_WARN_UNGUARDED_AVAILABILITY = YES_AGGRESSIVE;
				CLANG_WARN_UNREACHABLE_CODE = YES;
				CLANG_WARN__DUPLICATE_METHOD_MATCH = YES;
				CODE_SIGN_IDENTITY = "iPhone Developer";
				COPY_PHASE_STRIP = NO;
				DEBUG_INFORMATION_FORMAT = dwarf;
				ENABLE_STRICT_OBJC_MSGSEND = YES;
				ENABLE_TESTABILITY = YES;
				GCC_C_LANGUAGE_STANDARD = gnu11;
				GCC_DYNAMIC_NO_PIC = NO;
				GCC_NO_COMMON_BLOCKS = YES;
				GCC_OPTIMIZATION_LEVEL = 0;
				GCC_PREPROCESSOR_DEFINITIONS = (
					"DEBUG=1",
					"$(inherited)",
				);
				GCC_WARN_64_TO_32_BIT_CONVERSION = YES;
				GCC_WARN_ABOUT_RETURN_TYPE = YES_ERROR;
				GCC_WARN_UNDECLARED_SELECTOR = YES;
				GCC_WARN_UNINITIALIZED_AUTOS = YES_AGGRESSIVE;
				GCC_WARN_UNUSED_FUNCTION = YES;
				GCC_WARN_UNUSED_VARIABLE = YES;
				IPHONEOS_DEPLOYMENT_TARGET = 10.0;
				MTL_ENABLE_DEBUG_INFO = YES;
				ONLY_ACTIVE_ARCH = YES;
				SDKROOT = iphoneos;
				SWIFT_ACTIVE_COMPILATION_CONDITIONS = DEBUG;
				SWIFT_OPTIMIZATION_LEVEL = "-Onone";
			};
			name = Debug;
		};
		05F784BB1F680CC4005797FC /* Release */ = {
			isa = XCBuildConfiguration;
			buildSettings = {
				ALWAYS_SEARCH_USER_PATHS = NO;
				CLANG_ANALYZER_NONNULL = YES;
				CLANG_ANALYZER_NUMBER_OBJECT_CONVERSION = YES_AGGRESSIVE;
				CLANG_CXX_LANGUAGE_STANDARD = "gnu++14";
				CLANG_CXX_LIBRARY = "libc++";
				CLANG_ENABLE_MODULES = YES;
				CLANG_ENABLE_OBJC_ARC = YES;
				CLANG_WARN_BLOCK_CAPTURE_AUTORELEASING = YES;
				CLANG_WARN_BOOL_CONVERSION = YES;
				CLANG_WARN_COMMA = YES;
				CLANG_WARN_CONSTANT_CONVERSION = YES;
				CLANG_WARN_DIRECT_OBJC_ISA_USAGE = YES_ERROR;
				CLANG_WARN_DOCUMENTATION_COMMENTS = YES;
				CLANG_WARN_EMPTY_BODY = YES;
				CLANG_WARN_ENUM_CONVERSION = YES;
				CLANG_WARN_INFINITE_RECURSION = YES;
				CLANG_WARN_INT_CONVERSION = YES;
				CLANG_WARN_NON_LITERAL_NULL_CONVERSION = YES;
				CLANG_WARN_OBJC_LITERAL_CONVERSION = YES;
				CLANG_WARN_OBJC_ROOT_CLASS = YES_ERROR;
				CLANG_WARN_RANGE_LOOP_ANALYSIS = YES;
				CLANG_WARN_STRICT_PROTOTYPES = YES;
				CLANG_WARN_SUSPICIOUS_MOVE = YES;
				CLANG_WARN_UNGUARDED_AVAILABILITY = YES_AGGRESSIVE;
				CLANG_WARN_UNREACHABLE_CODE = YES;
				CLANG_WARN__DUPLICATE_METHOD_MATCH = YES;
				CODE_SIGN_IDENTITY = "iPhone Developer";
				COPY_PHASE_STRIP = NO;
				DEBUG_INFORMATION_FORMAT = "dwarf-with-dsym";
				ENABLE_NS_ASSERTIONS = NO;
				ENABLE_STRICT_OBJC_MSGSEND = YES;
				GCC_C_LANGUAGE_STANDARD = gnu11;
				GCC_NO_COMMON_BLOCKS = YES;
				GCC_WARN_64_TO_32_BIT_CONVERSION = YES;
				GCC_WARN_ABOUT_RETURN_TYPE = YES_ERROR;
				GCC_WARN_UNDECLARED_SELECTOR = YES;
				GCC_WARN_UNINITIALIZED_AUTOS = YES_AGGRESSIVE;
				GCC_WARN_UNUSED_FUNCTION = YES;
				GCC_WARN_UNUSED_VARIABLE = YES;
				IPHONEOS_DEPLOYMENT_TARGET = 10.0;
				MTL_ENABLE_DEBUG_INFO = NO;
				SDKROOT = iphoneos;
				SWIFT_OPTIMIZATION_LEVEL = "-Owholemodule";
				VALIDATE_PRODUCT = YES;
			};
			name = Release;
		};
		05F784BD1F680CC4005797FC /* Debug */ = {
			isa = XCBuildConfiguration;
			baseConfigurationReference = 66E549BDC85A7204A3A65290 /* Pods-SeekIssue.debug.xcconfig */;
			buildSettings = {
				ASSETCATALOG_COMPILER_APPICON_NAME = AppIcon;
				CODE_SIGN_STYLE = Automatic;
				DEVELOPMENT_TEAM = Z4Y9CUSWE9;
				INFOPLIST_FILE = SeekIssue/Info.plist;
				LD_RUNPATH_SEARCH_PATHS = "$(inherited) @executable_path/Frameworks";
				PRODUCT_BUNDLE_IDENTIFIER = re.andersen.SeekIssue;
				PRODUCT_NAME = "$(TARGET_NAME)";
				SWIFT_VERSION = 3.0;
				TARGETED_DEVICE_FAMILY = "1,2";
			};
			name = Debug;
		};
		05F784BE1F680CC4005797FC /* Release */ = {
			isa = XCBuildConfiguration;
			baseConfigurationReference = BF934DCA962950EA9566CF60 /* Pods-SeekIssue.release.xcconfig */;
			buildSettings = {
				ASSETCATALOG_COMPILER_APPICON_NAME = AppIcon;
				CODE_SIGN_STYLE = Automatic;
				DEVELOPMENT_TEAM = Z4Y9CUSWE9;
				INFOPLIST_FILE = SeekIssue/Info.plist;
				LD_RUNPATH_SEARCH_PATHS = "$(inherited) @executable_path/Frameworks";
				PRODUCT_BUNDLE_IDENTIFIER = re.andersen.SeekIssue;
				PRODUCT_NAME = "$(TARGET_NAME)";
				SWIFT_VERSION = 3.0;
				TARGETED_DEVICE_FAMILY = "1,2";
			};
			name = Release;
		};
/* End XCBuildConfiguration section */

/* Begin XCConfigurationList section */
		05F784A51F680CC4005797FC /* Build configuration list for PBXProject "SeekIssue" */ = {
			isa = XCConfigurationList;
			buildConfigurations = (
				05F784BA1F680CC4005797FC /* Debug */,
				05F784BB1F680CC4005797FC /* Release */,
			);
			defaultConfigurationIsVisible = 0;
			defaultConfigurationName = Release;
		};
		05F784BC1F680CC4005797FC /* Build configuration list for PBXNativeTarget "SeekIssue" */ = {
			isa = XCConfigurationList;
			buildConfigurations = (
				05F784BD1F680CC4005797FC /* Debug */,
				05F784BE1F680CC4005797FC /* Release */,
			);
			defaultConfigurationIsVisible = 0;
			defaultConfigurationName = Release;
		};
/* End XCConfigurationList section */
	};
	rootObject = 05F784A21F680CC4005797FC /* Project object */;
}
